
Microsoft Visual Studio Solution File, Format Version 12.00
# Visual Studio Version 17
VisualStudioVersion = 17.6.33815.320
MinimumVisualStudioVersion = 10.0.40219.1
Project("{FAE04EC0-301F-11D3-BF4B-00C04F79EFBC}") = "SimpleNote", "SimpleNote\SimpleNote.csproj", "{4DD2831C-03A6-4569-87B0-F91253035952}"
EndProject
Global
	GlobalSection(SolutionConfigurationPlatforms) = preSolution
		Debug|Any CPU = Debug|Any CPU
		Release|Any CPU = Release|Any CPU
	EndGlobalSection
	GlobalSection(ProjectConfigurationPlatforms) = postSolution
		{4DD2831C-03A6-4569-87B0-F91253035952}.Debug|Any CPU.ActiveCfg = Debug|Any CPU
		{4DD2831C-03A6-4569-87B0-F91253035952}.Debug|Any CPU.Build.0 = Debug|Any CPU
		{4DD2831C-03A6-4569-87B0-F91253035952}.Release|Any CPU.ActiveCfg = Release|Any CPU
		{4DD2831C-03A6-4569-87B0-F91253035952}.Release|Any CPU.Build.0 = Release|Any CPU
	EndGlobalSection
	GlobalSection(SolutionProperties) = preSolution
		HideSolutionNode = FALSE
	EndGlobalSection
	GlobalSection(ExtensibilityGlobals) = postSolution
		SolutionGuid = {A7D84587-5FBA-4E71-AA88-046C8C92C44B}
	EndGlobalSection
EndGlobal
